
Microsoft Visual Studio Solution File, Format Version 12.00
# Visual Studio Version 17
VisualStudioVersion = 17.12.35707.178 d17.12
MinimumVisualStudioVersion = 10.0.40219.1
Project("{FAE04EC0-301F-11D3-BF4B-00C04F79EFBC}") = "konsolprojekt", "konsolprojekt\konsolprojekt.csproj", "{7D8DA0E2-980E-412E-A3C8-AE071DFB617C}"
EndProject
Project("{FAE04EC0-301F-11D3-BF4B-00C04F79EFBC}") = "lommeregner test", "lommeregner test\lommeregner test.csproj", "{7EF0AD15-B6EE-4DBA-8221-4E97B9DB1DF6}"
EndProject
Global
	GlobalSection(SolutionConfigurationPlatforms) = preSolution
		Debug|Any CPU = Debug|Any CPU
		Release|Any CPU = Release|Any CPU
	EndGlobalSection
	GlobalSection(ProjectConfigurationPlatforms) = postSolution
		{7D8DA0E2-980E-412E-A3C8-AE071DFB617C}.Debug|Any CPU.ActiveCfg = Debug|Any CPU
		{7D8DA0E2-980E-412E-A3C8-AE071DFB617C}.Debug|Any CPU.Build.0 = Debug|Any CPU
		{7D8DA0E2-980E-412E-A3C8-AE071DFB617C}.Release|Any CPU.ActiveCfg = Release|Any CPU
		{7D8DA0E2-980E-412E-A3C8-AE071DFB617C}.Release|Any CPU.Build.0 = Release|Any CPU
		{7EF0AD15-B6EE-4DBA-8221-4E97B9DB1DF6}.Debug|Any CPU.ActiveCfg = Debug|Any CPU
		{7EF0AD15-B6EE-4DBA-8221-4E97B9DB1DF6}.Debug|Any CPU.Build.0 = Debug|Any CPU
		{7EF0AD15-B6EE-4DBA-8221-4E97B9DB1DF6}.Release|Any CPU.ActiveCfg = Release|Any CPU
		{7EF0AD15-B6EE-4DBA-8221-4E97B9DB1DF6}.Release|Any CPU.Build.0 = Release|Any CPU
	EndGlobalSection
	GlobalSection(SolutionProperties) = preSolution
		HideSolutionNode = FALSE
	EndGlobalSection
EndGlobal
